// !$*UTF8*$!
{
	archiveVersion = 1;
	classes = {
	};
	objectVersion = 50;
	objects = {

/* Begin PBXBuildFile section */
		D719672F26939C54003544E0 /* RessipyApp.swift in Sources */ = {isa = PBXBuildFile; fileRef = D719672E26939C54003544E0 /* RessipyApp.swift */; };
		D719673126939C54003544E0 /* CategoryListView.swift in Sources */ = {isa = PBXBuildFile; fileRef = D719673026939C54003544E0 /* CategoryListView.swift */; };
		D719673326939C56003544E0 /* Assets.xcassets in Resources */ = {isa = PBXBuildFile; fileRef = D719673226939C56003544E0 /* Assets.xcassets */; };
		D719673626939C56003544E0 /* Preview Assets.xcassets in Resources */ = {isa = PBXBuildFile; fileRef = D719673526939C56003544E0 /* Preview Assets.xcassets */; };
		D7BD0C6C2693A45500BC3648 /* CategoryListViewModel.swift in Sources */ = {isa = PBXBuildFile; fileRef = D7BD0C6B2693A45500BC3648 /* CategoryListViewModel.swift */; };
		D7BD0C6E2693A8A700BC3648 /* Category.swift in Sources */ = {isa = PBXBuildFile; fileRef = D7BD0C6D2693A8A700BC3648 /* Category.swift */; };
		D7BD0C702693A98E00BC3648 /* CategoryListResult.swift in Sources */ = {isa = PBXBuildFile; fileRef = D7BD0C6F2693A98E00BC3648 /* CategoryListResult.swift */; };
		D7BD0C722693A99D00BC3648 /* CategoryRecipe.swift in Sources */ = {isa = PBXBuildFile; fileRef = D7BD0C712693A99D00BC3648 /* CategoryRecipe.swift */; };
		D7BD0C752693AD2F00BC3648 /* LoadingView.swift in Sources */ = {isa = PBXBuildFile; fileRef = D7BD0C742693AD2F00BC3648 /* LoadingView.swift */; };
		D7BD0C782693AD7400BC3648 /* CategoryView.swift in Sources */ = {isa = PBXBuildFile; fileRef = D7BD0C772693AD7400BC3648 /* CategoryView.swift */; };
		D7BD0C7A2693AD8300BC3648 /* CategoryViewModel.swift in Sources */ = {isa = PBXBuildFile; fileRef = D7BD0C792693AD8300BC3648 /* CategoryViewModel.swift */; };
		D7BD0C7C2693AE2900BC3648 /* CategoryResult.swift in Sources */ = {isa = PBXBuildFile; fileRef = D7BD0C7B2693AE2900BC3648 /* CategoryResult.swift */; };
		D7BD0C7E2693B64D00BC3648 /* RecipeView.swift in Sources */ = {isa = PBXBuildFile; fileRef = D7BD0C7D2693B64D00BC3648 /* RecipeView.swift */; };
		D7BD0C802693B65500BC3648 /* RecipeViewModel.swift in Sources */ = {isa = PBXBuildFile; fileRef = D7BD0C7F2693B65500BC3648 /* RecipeViewModel.swift */; };
		D7BD0C822693B66200BC3648 /* Recipe.swift in Sources */ = {isa = PBXBuildFile; fileRef = D7BD0C812693B66200BC3648 /* Recipe.swift */; };
		D7BD0C842693C0FA00BC3648 /* Ingredient.swift in Sources */ = {isa = PBXBuildFile; fileRef = D7BD0C832693C0FA00BC3648 /* Ingredient.swift */; };
		D7BD0C862693C11200BC3648 /* Instruction.swift in Sources */ = {isa = PBXBuildFile; fileRef = D7BD0C852693C11200BC3648 /* Instruction.swift */; };
		D7BD0C882693C12A00BC3648 /* RecipeResult.swift in Sources */ = {isa = PBXBuildFile; fileRef = D7BD0C872693C12A00BC3648 /* RecipeResult.swift */; };
		D7BD0C8E2693F2AB00BC3648 /* DataManager.swift in Sources */ = {isa = PBXBuildFile; fileRef = D7BD0C8D2693F2AB00BC3648 /* DataManager.swift */; };
/* End PBXBuildFile section */

/* Begin PBXFileReference section */
		D719672B26939C54003544E0 /* Ressipy.app */ = {isa = PBXFileReference; explicitFileType = wrapper.application; includeInIndex = 0; path = Ressipy.app; sourceTree = BUILT_PRODUCTS_DIR; };
		D719672E26939C54003544E0 /* RessipyApp.swift */ = {isa = PBXFileReference; lastKnownFileType = sourcecode.swift; path = RessipyApp.swift; sourceTree = "<group>"; };
		D719673026939C54003544E0 /* CategoryListView.swift */ = {isa = PBXFileReference; lastKnownFileType = sourcecode.swift; path = CategoryListView.swift; sourceTree = "<group>"; };
		D719673226939C56003544E0 /* Assets.xcassets */ = {isa = PBXFileReference; lastKnownFileType = folder.assetcatalog; path = Assets.xcassets; sourceTree = "<group>"; };
		D719673526939C56003544E0 /* Preview Assets.xcassets */ = {isa = PBXFileReference; lastKnownFileType = folder.assetcatalog; path = "Preview Assets.xcassets"; sourceTree = "<group>"; };
		D719673726939C56003544E0 /* Info.plist */ = {isa = PBXFileReference; lastKnownFileType = text.plist.xml; path = Info.plist; sourceTree = "<group>"; };
		D7BD0C6B2693A45500BC3648 /* CategoryListViewModel.swift */ = {isa = PBXFileReference; lastKnownFileType = sourcecode.swift; path = CategoryListViewModel.swift; sourceTree = "<group>"; };
		D7BD0C6D2693A8A700BC3648 /* Category.swift */ = {isa = PBXFileReference; lastKnownFileType = sourcecode.swift; path = Category.swift; sourceTree = "<group>"; };
		D7BD0C6F2693A98E00BC3648 /* CategoryListResult.swift */ = {isa = PBXFileReference; lastKnownFileType = sourcecode.swift; path = CategoryListResult.swift; sourceTree = "<group>"; };
		D7BD0C712693A99D00BC3648 /* CategoryRecipe.swift */ = {isa = PBXFileReference; lastKnownFileType = sourcecode.swift; path = CategoryRecipe.swift; sourceTree = "<group>"; };
		D7BD0C742693AD2F00BC3648 /* LoadingView.swift */ = {isa = PBXFileReference; lastKnownFileType = sourcecode.swift; path = LoadingView.swift; sourceTree = "<group>"; };
		D7BD0C772693AD7400BC3648 /* CategoryView.swift */ = {isa = PBXFileReference; lastKnownFileType = sourcecode.swift; path = CategoryView.swift; sourceTree = "<group>"; };
		D7BD0C792693AD8300BC3648 /* CategoryViewModel.swift */ = {isa = PBXFileReference; lastKnownFileType = sourcecode.swift; path = CategoryViewModel.swift; sourceTree = "<group>"; };
		D7BD0C7B2693AE2900BC3648 /* CategoryResult.swift */ = {isa = PBXFileReference; lastKnownFileType = sourcecode.swift; path = CategoryResult.swift; sourceTree = "<group>"; };
		D7BD0C7D2693B64D00BC3648 /* RecipeView.swift */ = {isa = PBXFileReference; lastKnownFileType = sourcecode.swift; path = RecipeView.swift; sourceTree = "<group>"; };
		D7BD0C7F2693B65500BC3648 /* RecipeViewModel.swift */ = {isa = PBXFileReference; lastKnownFileType = sourcecode.swift; path = RecipeViewModel.swift; sourceTree = "<group>"; };
		D7BD0C812693B66200BC3648 /* Recipe.swift */ = {isa = PBXFileReference; lastKnownFileType = sourcecode.swift; path = Recipe.swift; sourceTree = "<group>"; };
		D7BD0C832693C0FA00BC3648 /* Ingredient.swift */ = {isa = PBXFileReference; lastKnownFileType = sourcecode.swift; path = Ingredient.swift; sourceTree = "<group>"; };
		D7BD0C852693C11200BC3648 /* Instruction.swift */ = {isa = PBXFileReference; lastKnownFileType = sourcecode.swift; path = Instruction.swift; sourceTree = "<group>"; };
		D7BD0C872693C12A00BC3648 /* RecipeResult.swift */ = {isa = PBXFileReference; lastKnownFileType = sourcecode.swift; path = RecipeResult.swift; sourceTree = "<group>"; };
		D7BD0C8D2693F2AB00BC3648 /* DataManager.swift */ = {isa = PBXFileReference; lastKnownFileType = sourcecode.swift; path = DataManager.swift; sourceTree = "<group>"; };
/* End PBXFileReference section */

/* Begin PBXFrameworksBuildPhase section */
		D719672826939C54003544E0 /* Frameworks */ = {
			isa = PBXFrameworksBuildPhase;
			buildActionMask = 2147483647;
			files = (
			);
			runOnlyForDeploymentPostprocessing = 0;
		};
/* End PBXFrameworksBuildPhase section */

/* Begin PBXGroup section */
		D719672226939C53003544E0 = {
			isa = PBXGroup;
			children = (
				D719672D26939C54003544E0 /* Ressipy */,
				D719672C26939C54003544E0 /* Products */,
			);
			sourceTree = "<group>";
		};
		D719672C26939C54003544E0 /* Products */ = {
			isa = PBXGroup;
			children = (
				D719672B26939C54003544E0 /* Ressipy.app */,
			);
			name = Products;
			sourceTree = "<group>";
		};
		D719672D26939C54003544E0 /* Ressipy */ = {
			isa = PBXGroup;
			children = (
				D7BD0C732693A9AB00BC3648 /* Model */,
				D7BD0C762693AD4C00BC3648 /* Views */,
				D7BD0C892693F25500BC3648 /* Screens */,
				D719672E26939C54003544E0 /* RessipyApp.swift */,
				D7BD0C8D2693F2AB00BC3648 /* DataManager.swift */,
				D719673226939C56003544E0 /* Assets.xcassets */,
				D719673726939C56003544E0 /* Info.plist */,
				D719673426939C56003544E0 /* Preview Content */,
			);
			path = Ressipy;
			sourceTree = "<group>";
		};
		D719673426939C56003544E0 /* Preview Content */ = {
			isa = PBXGroup;
			children = (
				D719673526939C56003544E0 /* Preview Assets.xcassets */,
			);
			path = "Preview Content";
			sourceTree = "<group>";
		};
		D7BD0C732693A9AB00BC3648 /* Model */ = {
			isa = PBXGroup;
			children = (
				D7BD0C6D2693A8A700BC3648 /* Category.swift */,
				D7BD0C6F2693A98E00BC3648 /* CategoryListResult.swift */,
				D7BD0C832693C0FA00BC3648 /* Ingredient.swift */,
				D7BD0C7B2693AE2900BC3648 /* CategoryResult.swift */,
				D7BD0C812693B66200BC3648 /* Recipe.swift */,
				D7BD0C872693C12A00BC3648 /* RecipeResult.swift */,
				D7BD0C852693C11200BC3648 /* Instruction.swift */,
				D7BD0C712693A99D00BC3648 /* CategoryRecipe.swift */,
			);
			path = Model;
			sourceTree = "<group>";
		};
		D7BD0C762693AD4C00BC3648 /* Views */ = {
			isa = PBXGroup;
			children = (
				D7BD0C742693AD2F00BC3648 /* LoadingView.swift */,
			);
			path = Views;
			sourceTree = "<group>";
		};
		D7BD0C892693F25500BC3648 /* Screens */ = {
			isa = PBXGroup;
			children = (
				D7BD0C8A2693F26300BC3648 /* Category List */,
				D7BD0C8B2693F27200BC3648 /* Category Show */,
				D7BD0C8C2693F28900BC3648 /* Recipe Show */,
			);
			path = Screens;
			sourceTree = "<group>";
		};
		D7BD0C8A2693F26300BC3648 /* Category List */ = {
			isa = PBXGroup;
			children = (
				D7BD0C6B2693A45500BC3648 /* CategoryListViewModel.swift */,
				D719673026939C54003544E0 /* CategoryListView.swift */,
			);
			path = "Category List";
			sourceTree = "<group>";
		};
		D7BD0C8B2693F27200BC3648 /* Category Show */ = {
			isa = PBXGroup;
			children = (
				D7BD0C792693AD8300BC3648 /* CategoryViewModel.swift */,
				D7BD0C772693AD7400BC3648 /* CategoryView.swift */,
			);
			path = "Category Show";
			sourceTree = "<group>";
		};
		D7BD0C8C2693F28900BC3648 /* Recipe Show */ = {
			isa = PBXGroup;
			children = (
				D7BD0C7F2693B65500BC3648 /* RecipeViewModel.swift */,
				D7BD0C7D2693B64D00BC3648 /* RecipeView.swift */,
			);
			path = "Recipe Show";
			sourceTree = "<group>";
		};
/* End PBXGroup section */

/* Begin PBXNativeTarget section */
		D719672A26939C54003544E0 /* Ressipy */ = {
			isa = PBXNativeTarget;
			buildConfigurationList = D719673A26939C56003544E0 /* Build configuration list for PBXNativeTarget "Ressipy" */;
			buildPhases = (
				D719672726939C54003544E0 /* Sources */,
				D719672826939C54003544E0 /* Frameworks */,
				D719672926939C54003544E0 /* Resources */,
			);
			buildRules = (
			);
			dependencies = (
			);
			name = Ressipy;
			productName = Ressipy;
			productReference = D719672B26939C54003544E0 /* Ressipy.app */;
			productType = "com.apple.product-type.application";
		};
/* End PBXNativeTarget section */

/* Begin PBXProject section */
		D719672326939C53003544E0 /* Project object */ = {
			isa = PBXProject;
			attributes = {
				LastSwiftUpdateCheck = 1250;
				LastUpgradeCheck = 1250;
				TargetAttributes = {
					D719672A26939C54003544E0 = {
						CreatedOnToolsVersion = 12.5.1;
					};
				};
			};
			buildConfigurationList = D719672626939C53003544E0 /* Build configuration list for PBXProject "Ressipy" */;
			compatibilityVersion = "Xcode 9.3";
			developmentRegion = en;
			hasScannedForEncodings = 0;
			knownRegions = (
				en,
				Base,
			);
			mainGroup = D719672226939C53003544E0;
			productRefGroup = D719672C26939C54003544E0 /* Products */;
			projectDirPath = "";
			projectRoot = "";
			targets = (
				D719672A26939C54003544E0 /* Ressipy */,
			);
		};
/* End PBXProject section */

/* Begin PBXResourcesBuildPhase section */
		D719672926939C54003544E0 /* Resources */ = {
			isa = PBXResourcesBuildPhase;
			buildActionMask = 2147483647;
			files = (
				D719673626939C56003544E0 /* Preview Assets.xcassets in Resources */,
				D719673326939C56003544E0 /* Assets.xcassets in Resources */,
			);
			runOnlyForDeploymentPostprocessing = 0;
		};
/* End PBXResourcesBuildPhase section */

/* Begin PBXSourcesBuildPhase section */
		D719672726939C54003544E0 /* Sources */ = {
			isa = PBXSourcesBuildPhase;
			buildActionMask = 2147483647;
			files = (
				D719673126939C54003544E0 /* CategoryListView.swift in Sources */,
				D7BD0C722693A99D00BC3648 /* CategoryRecipe.swift in Sources */,
				D7BD0C842693C0FA00BC3648 /* Ingredient.swift in Sources */,
				D7BD0C862693C11200BC3648 /* Instruction.swift in Sources */,
				D7BD0C882693C12A00BC3648 /* RecipeResult.swift in Sources */,
				D719672F26939C54003544E0 /* RessipyApp.swift in Sources */,
				D7BD0C6C2693A45500BC3648 /* CategoryListViewModel.swift in Sources */,
				D7BD0C802693B65500BC3648 /* RecipeViewModel.swift in Sources */,
				D7BD0C7E2693B64D00BC3648 /* RecipeView.swift in Sources */,
				D7BD0C8E2693F2AB00BC3648 /* DataManager.swift in Sources */,
				D7BD0C6E2693A8A700BC3648 /* Category.swift in Sources */,
				D7BD0C752693AD2F00BC3648 /* LoadingView.swift in Sources */,
				D7BD0C7C2693AE2900BC3648 /* CategoryResult.swift in Sources */,
				D7BD0C782693AD7400BC3648 /* CategoryView.swift in Sources */,
				D7BD0C822693B66200BC3648 /* Recipe.swift in Sources */,
				D7BD0C7A2693AD8300BC3648 /* CategoryViewModel.swift in Sources */,
				D7BD0C702693A98E00BC3648 /* CategoryListResult.swift in Sources */,
			);
			runOnlyForDeploymentPostprocessing = 0;
		};
/* End PBXSourcesBuildPhase section */

/* Begin XCBuildConfiguration section */
		D719673826939C56003544E0 /* Debug */ = {
			isa = XCBuildConfiguration;
			buildSettings = {
				ALWAYS_SEARCH_USER_PATHS = NO;
				CLANG_ANALYZER_NONNULL = YES;
				CLANG_ANALYZER_NUMBER_OBJECT_CONVERSION = YES_AGGRESSIVE;
				CLANG_CXX_LANGUAGE_STANDARD = "gnu++14";
				CLANG_CXX_LIBRARY = "libc++";
				CLANG_ENABLE_MODULES = YES;
				CLANG_ENABLE_OBJC_ARC = YES;
				CLANG_ENABLE_OBJC_WEAK = YES;
				CLANG_WARN_BLOCK_CAPTURE_AUTORELEASING = YES;
				CLANG_WARN_BOOL_CONVERSION = YES;
				CLANG_WARN_COMMA = YES;
				CLANG_WARN_CONSTANT_CONVERSION = YES;
				CLANG_WARN_DEPRECATED_OBJC_IMPLEMENTATIONS = YES;
				CLANG_WARN_DIRECT_OBJC_ISA_USAGE = YES_ERROR;
				CLANG_WARN_DOCUMENTATION_COMMENTS = YES;
				CLANG_WARN_EMPTY_BODY = YES;
				CLANG_WARN_ENUM_CONVERSION = YES;
				CLANG_WARN_INFINITE_RECURSION = YES;
				CLANG_WARN_INT_CONVERSION = YES;
				CLANG_WARN_NON_LITERAL_NULL_CONVERSION = YES;
				CLANG_WARN_OBJC_IMPLICIT_RETAIN_SELF = YES;
				CLANG_WARN_OBJC_LITERAL_CONVERSION = YES;
				CLANG_WARN_OBJC_ROOT_CLASS = YES_ERROR;
				CLANG_WARN_QUOTED_INCLUDE_IN_FRAMEWORK_HEADER = YES;
				CLANG_WARN_RANGE_LOOP_ANALYSIS = YES;
				CLANG_WARN_STRICT_PROTOTYPES = YES;
				CLANG_WARN_SUSPICIOUS_MOVE = YES;
				CLANG_WARN_UNGUARDED_AVAILABILITY = YES_AGGRESSIVE;
				CLANG_WARN_UNREACHABLE_CODE = YES;
				CLANG_WARN__DUPLICATE_METHOD_MATCH = YES;
				COPY_PHASE_STRIP = NO;
				DEBUG_INFORMATION_FORMAT = dwarf;
				ENABLE_STRICT_OBJC_MSGSEND = YES;
				ENABLE_TESTABILITY = YES;
				GCC_C_LANGUAGE_STANDARD = gnu11;
				GCC_DYNAMIC_NO_PIC = NO;
				GCC_NO_COMMON_BLOCKS = YES;
				GCC_OPTIMIZATION_LEVEL = 0;
				GCC_PREPROCESSOR_DEFINITIONS = (
					"DEBUG=1",
					"$(inherited)",
				);
				GCC_WARN_64_TO_32_BIT_CONVERSION = YES;
				GCC_WARN_ABOUT_RETURN_TYPE = YES_ERROR;
				GCC_WARN_UNDECLARED_SELECTOR = YES;
				GCC_WARN_UNINITIALIZED_AUTOS = YES_AGGRESSIVE;
				GCC_WARN_UNUSED_FUNCTION = YES;
				GCC_WARN_UNUSED_VARIABLE = YES;
				IPHONEOS_DEPLOYMENT_TARGET = 14.5;
				MTL_ENABLE_DEBUG_INFO = INCLUDE_SOURCE;
				MTL_FAST_MATH = YES;
				ONLY_ACTIVE_ARCH = YES;
				SDKROOT = iphoneos;
				SWIFT_ACTIVE_COMPILATION_CONDITIONS = DEBUG;
				SWIFT_OPTIMIZATION_LEVEL = "-Onone";
			};
			name = Debug;
		};
		D719673926939C56003544E0 /* Release */ = {
			isa = XCBuildConfiguration;
			buildSettings = {
				ALWAYS_SEARCH_USER_PATHS = NO;
				CLANG_ANALYZER_NONNULL = YES;
				CLANG_ANALYZER_NUMBER_OBJECT_CONVERSION = YES_AGGRESSIVE;
				CLANG_CXX_LANGUAGE_STANDARD = "gnu++14";
				CLANG_CXX_LIBRARY = "libc++";
				CLANG_ENABLE_MODULES = YES;
				CLANG_ENABLE_OBJC_ARC = YES;
				CLANG_ENABLE_OBJC_WEAK = YES;
				CLANG_WARN_BLOCK_CAPTURE_AUTORELEASING = YES;
				CLANG_WARN_BOOL_CONVERSION = YES;
				CLANG_WARN_COMMA = YES;
				CLANG_WARN_CONSTANT_CONVERSION = YES;
				CLANG_WARN_DEPRECATED_OBJC_IMPLEMENTATIONS = YES;
				CLANG_WARN_DIRECT_OBJC_ISA_USAGE = YES_ERROR;
				CLANG_WARN_DOCUMENTATION_COMMENTS = YES;
				CLANG_WARN_EMPTY_BODY = YES;
				CLANG_WARN_ENUM_CONVERSION = YES;
				CLANG_WARN_INFINITE_RECURSION = YES;
				CLANG_WARN_INT_CONVERSION = YES;
				CLANG_WARN_NON_LITERAL_NULL_CONVERSION = YES;
				CLANG_WARN_OBJC_IMPLICIT_RETAIN_SELF = YES;
				CLANG_WARN_OBJC_LITERAL_CONVERSION = YES;
				CLANG_WARN_OBJC_ROOT_CLASS = YES_ERROR;
				CLANG_WARN_QUOTED_INCLUDE_IN_FRAMEWORK_HEADER = YES;
				CLANG_WARN_RANGE_LOOP_ANALYSIS = YES;
				CLANG_WARN_STRICT_PROTOTYPES = YES;
				CLANG_WARN_SUSPICIOUS_MOVE = YES;
				CLANG_WARN_UNGUARDED_AVAILABILITY = YES_AGGRESSIVE;
				CLANG_WARN_UNREACHABLE_CODE = YES;
				CLANG_WARN__DUPLICATE_METHOD_MATCH = YES;
				COPY_PHASE_STRIP = NO;
				DEBUG_INFORMATION_FORMAT = "dwarf-with-dsym";
				ENABLE_NS_ASSERTIONS = NO;
				ENABLE_STRICT_OBJC_MSGSEND = YES;
				GCC_C_LANGUAGE_STANDARD = gnu11;
				GCC_NO_COMMON_BLOCKS = YES;
				GCC_WARN_64_TO_32_BIT_CONVERSION = YES;
				GCC_WARN_ABOUT_RETURN_TYPE = YES_ERROR;
				GCC_WARN_UNDECLARED_SELECTOR = YES;
				GCC_WARN_UNINITIALIZED_AUTOS = YES_AGGRESSIVE;
				GCC_WARN_UNUSED_FUNCTION = YES;
				GCC_WARN_UNUSED_VARIABLE = YES;
				IPHONEOS_DEPLOYMENT_TARGET = 14.5;
				MTL_ENABLE_DEBUG_INFO = NO;
				MTL_FAST_MATH = YES;
				SDKROOT = iphoneos;
				SWIFT_COMPILATION_MODE = wholemodule;
				SWIFT_OPTIMIZATION_LEVEL = "-O";
				VALIDATE_PRODUCT = YES;
			};
			name = Release;
		};
		D719673B26939C56003544E0 /* Debug */ = {
			isa = XCBuildConfiguration;
			buildSettings = {
				ASSETCATALOG_COMPILER_APPICON_NAME = AppIcon;
				ASSETCATALOG_COMPILER_GLOBAL_ACCENT_COLOR_NAME = AccentColor;
				CODE_SIGN_STYLE = Automatic;
				DEVELOPMENT_ASSET_PATHS = "\"Ressipy/Preview Content\"";
				DEVELOPMENT_TEAM = QQWWMCLZJZ;
				ENABLE_PREVIEWS = YES;
				INFOPLIST_FILE = Ressipy/Info.plist;
				IPHONEOS_DEPLOYMENT_TARGET = 14.0;
				LD_RUNPATH_SEARCH_PATHS = (
					"$(inherited)",
					"@executable_path/Frameworks",
				);
				MARKETING_VERSION = 0.1;
				PRODUCT_BUNDLE_IDENTIFIER = com.ressipy.Ressipy;
				PRODUCT_NAME = "$(TARGET_NAME)";
				SWIFT_VERSION = 5.0;
				TARGETED_DEVICE_FAMILY = "1,2";
			};
			name = Debug;
		};
		D719673C26939C56003544E0 /* Release */ = {
			isa = XCBuildConfiguration;
			buildSettings = {
				ASSETCATALOG_COMPILER_APPICON_NAME = AppIcon;
				ASSETCATALOG_COMPILER_GLOBAL_ACCENT_COLOR_NAME = AccentColor;
				CODE_SIGN_STYLE = Automatic;
				DEVELOPMENT_ASSET_PATHS = "\"Ressipy/Preview Content\"";
				DEVELOPMENT_TEAM = QQWWMCLZJZ;
				ENABLE_PREVIEWS = YES;
				INFOPLIST_FILE = Ressipy/Info.plist;
				IPHONEOS_DEPLOYMENT_TARGET = 14.0;
				LD_RUNPATH_SEARCH_PATHS = (
					"$(inherited)",
					"@executable_path/Frameworks",
				);
				MARKETING_VERSION = 0.1;
				PRODUCT_BUNDLE_IDENTIFIER = com.ressipy.Ressipy;
				PRODUCT_NAME = "$(TARGET_NAME)";
				SWIFT_VERSION = 5.0;
				TARGETED_DEVICE_FAMILY = "1,2";
			};
			name = Release;
		};
/* End XCBuildConfiguration section */

/* Begin XCConfigurationList section */
		D719672626939C53003544E0 /* Build configuration list for PBXProject "Ressipy" */ = {
			isa = XCConfigurationList;
			buildConfigurations = (
				D719673826939C56003544E0 /* Debug */,
				D719673926939C56003544E0 /* Release */,
			);
			defaultConfigurationIsVisible = 0;
			defaultConfigurationName = Release;
		};
		D719673A26939C56003544E0 /* Build configuration list for PBXNativeTarget "Ressipy" */ = {
			isa = XCConfigurationList;
			buildConfigurations = (
				D719673B26939C56003544E0 /* Debug */,
				D719673C26939C56003544E0 /* Release */,
			);
			defaultConfigurationIsVisible = 0;
			defaultConfigurationName = Release;
		};
/* End XCConfigurationList section */
	};
	rootObject = D719672326939C53003544E0 /* Project object */;
}
